
Microsoft Visual Studio Solution File, Format Version 12.00
# Visual Studio 15
Project("{FAE04EC0-301F-11D3-BF4B-00C04F79EFBC}") = "Future_Shooter", "Assembly-CSharp.csproj", "{98CB21E6-04BD-F28D-7EAA-B19C7CC95FD3}"
EndProject
Project("{FAE04EC0-301F-11D3-BF4B-00C04F79EFBC}") = "Future_Shooter", "Assembly-CSharp-Editor.csproj", "{B09A363D-84B9-3F58-8E7B-7488B6FDEC0F}"
EndProject
Global
	GlobalSection(SolutionConfigurationPlatforms) = preSolution
		Debug|Any CPU = Debug|Any CPU
		Release|Any CPU = Release|Any CPU
	EndGlobalSection
	GlobalSection(ProjectConfigurationPlatforms) = postSolution
		{98CB21E6-04BD-F28D-7EAA-B19C7CC95FD3}.Debug|Any CPU.ActiveCfg = Debug|Any CPU
		{98CB21E6-04BD-F28D-7EAA-B19C7CC95FD3}.Debug|Any CPU.Build.0 = Debug|Any CPU
		{98CB21E6-04BD-F28D-7EAA-B19C7CC95FD3}.Release|Any CPU.ActiveCfg = Release|Any CPU
		{98CB21E6-04BD-F28D-7EAA-B19C7CC95FD3}.Release|Any CPU.Build.0 = Release|Any CPU
		{B09A363D-84B9-3F58-8E7B-7488B6FDEC0F}.Debug|Any CPU.ActiveCfg = Debug|Any CPU
		{B09A363D-84B9-3F58-8E7B-7488B6FDEC0F}.Debug|Any CPU.Build.0 = Debug|Any CPU
		{B09A363D-84B9-3F58-8E7B-7488B6FDEC0F}.Release|Any CPU.ActiveCfg = Release|Any CPU
		{B09A363D-84B9-3F58-8E7B-7488B6FDEC0F}.Release|Any CPU.Build.0 = Release|Any CPU
	EndGlobalSection
	GlobalSection(SolutionProperties) = preSolution
		HideSolutionNode = FALSE
	EndGlobalSection
EndGlobal
